// !$*UTF8*$!
{
	archiveVersion = 1;
	classes = {
	};
	objectVersion = 51;
	objects = {

/* Begin PBXBuildFile section */
		20DC7DC3CBD187B59C2696D2 /* Pods_AmiGOTests.framework in Frameworks */ = {isa = PBXBuildFile; fileRef = 01F83FA646C4B2C4DF1EC037 /* Pods_AmiGOTests.framework */; };
		9A2E72D586ADF43FBBA0FA6B /* MapViewController.swift in Sources */ = {isa = PBXBuildFile; fileRef = 9A2E713A8A64CAE70B06A088 /* MapViewController.swift */; };
		9A2E7472E1F6604EE3FBE164 /* AuthenticationViewController.swift in Sources */ = {isa = PBXBuildFile; fileRef = 9A2E74E3B8DB260077C6CCED /* AuthenticationViewController.swift */; };
		9A2E77CAB3F44615EEDC9E6A /* ProfileViewController.swift in Sources */ = {isa = PBXBuildFile; fileRef = 9A2E7E8E3F9C33C4570C2593 /* ProfileViewController.swift */; };
		9A2E7889AE3344F062BDDB2D /* AuthRepositoryImpl.swift in Sources */ = {isa = PBXBuildFile; fileRef = 9A2E762DE71E726FCAB0E688 /* AuthRepositoryImpl.swift */; };
		9A2E789BBEE38EC3D85527A5 /* DatabaseUtil.swift in Sources */ = {isa = PBXBuildFile; fileRef = 9A2E79E444F3D350CF00BAEE /* DatabaseUtil.swift */; };
		9A2E7926A9336B06791708E7 /* AuthRepository.swift in Sources */ = {isa = PBXBuildFile; fileRef = 9A2E70CEAAC0DE947C970501 /* AuthRepository.swift */; };
		9A2E7A4B6E334FBE608576EA /* Container+Extensions.swift in Sources */ = {isa = PBXBuildFile; fileRef = 9A2E7DD84AA340534F379772 /* Container+Extensions.swift */; };
		9A2E7E0BFE449004090E1FFE /* AuthenticationViewModel.swift in Sources */ = {isa = PBXBuildFile; fileRef = 9A2E78CE0994A1AB2EA26DEB /* AuthenticationViewModel.swift */; };
		9A2E7E14175B1EC0FA6C3236 /* User.swift in Sources */ = {isa = PBXBuildFile; fileRef = 9A2E70399E98D79995E3AA33 /* User.swift */; };
		9A2E7E973F0D79308381FF90 /* AuthenticationView.swift in Sources */ = {isa = PBXBuildFile; fileRef = 9A2E768FA1814E6B8877C1B7 /* AuthenticationView.swift */; };
		A900F71123EDFCA900C525EE /* AppDelegate.swift in Sources */ = {isa = PBXBuildFile; fileRef = A900F71023EDFCA900C525EE /* AppDelegate.swift */; };
		A900F71523EDFCA900C525EE /* ViewController.swift in Sources */ = {isa = PBXBuildFile; fileRef = A900F71423EDFCA900C525EE /* ViewController.swift */; };
		A900F71A23EDFCAA00C525EE /* Assets.xcassets in Resources */ = {isa = PBXBuildFile; fileRef = A900F71923EDFCAA00C525EE /* Assets.xcassets */; };
		A900F71D23EDFCAA00C525EE /* LaunchScreen.storyboard in Resources */ = {isa = PBXBuildFile; fileRef = A900F71B23EDFCAA00C525EE /* LaunchScreen.storyboard */; };
		A900F72823EDFCAA00C525EE /* AmiGOTests.swift in Sources */ = {isa = PBXBuildFile; fileRef = A900F72723EDFCAA00C525EE /* AmiGOTests.swift */; };
		A900F73323EDFCAA00C525EE /* AmiGOUITests.swift in Sources */ = {isa = PBXBuildFile; fileRef = A900F73223EDFCAA00C525EE /* AmiGOUITests.swift */; };
		A9122CC0240882A800991525 /* TaskViewController.swift in Sources */ = {isa = PBXBuildFile; fileRef = A9122CBF240882A800991525 /* TaskViewController.swift */; };
		A9122CC22408833900991525 /* TasksView.swift in Sources */ = {isa = PBXBuildFile; fileRef = A9122CC12408833900991525 /* TasksView.swift */; };
		A91389EF23FDDA1800B35BF4 /* RestManager.swift in Sources */ = {isa = PBXBuildFile; fileRef = A91389EE23FDDA1800B35BF4 /* RestManager.swift */; };
		A91389F123FDDABC00B35BF4 /* RestManager+Extension.swift in Sources */ = {isa = PBXBuildFile; fileRef = A91389F023FDDABC00B35BF4 /* RestManager+Extension.swift */; };
		A91389F323FE1BF800B35BF4 /* ProfileViewModel.swift in Sources */ = {isa = PBXBuildFile; fileRef = A91389F223FE1BF800B35BF4 /* ProfileViewModel.swift */; };
		A942D68B23F8B09200C3A87F /* UIView+Extension.swift in Sources */ = {isa = PBXBuildFile; fileRef = A942D68A23F8B09200C3A87F /* UIView+Extension.swift */; };
		A942D69023F8D69B00C3A87F /* UIColor+Extension.swift in Sources */ = {isa = PBXBuildFile; fileRef = A942D68F23F8D69B00C3A87F /* UIColor+Extension.swift */; };
		A96D84DE23F5DCB500FB85D7 /* GoogleService-Info.plist in Resources */ = {isa = PBXBuildFile; fileRef = A96D84DD23F5DCB500FB85D7 /* GoogleService-Info.plist */; };
		A991BFD323FAFA8D00BF9DC8 /* AmigoAnnotationView.swift in Sources */ = {isa = PBXBuildFile; fileRef = A991BFD223FAFA8D00BF9DC8 /* AmigoAnnotationView.swift */; };
		A991F6F523F462B10019B523 /* Location.swift in Sources */ = {isa = PBXBuildFile; fileRef = A991F6F423F462B10019B523 /* Location.swift */; };
		A9A05E3C23F130A0003171DA /* MontserratAlternates-Bold.ttf in Resources */ = {isa = PBXBuildFile; fileRef = A9A05E3B23F130A0003171DA /* MontserratAlternates-Bold.ttf */; };
		A9B5B31E23F3ED51007E30EC /* MontserratAlternates-ExtraBold.ttf in Resources */ = {isa = PBXBuildFile; fileRef = A9B5B31D23F3ED51007E30EC /* MontserratAlternates-ExtraBold.ttf */; };
		A9D2B21223FB100A00AD8556 /* AmigoAnnotation.swift in Sources */ = {isa = PBXBuildFile; fileRef = A9D2B21123FB100A00AD8556 /* AmigoAnnotation.swift */; };
		A9D2B21423FB41A300AD8556 /* MapViewModel.swift in Sources */ = {isa = PBXBuildFile; fileRef = A9D2B21323FB41A300AD8556 /* MapViewModel.swift */; };
		A9D2B21623FB427500AD8556 /* MapRepository.swift in Sources */ = {isa = PBXBuildFile; fileRef = A9D2B21523FB427500AD8556 /* MapRepository.swift */; };
		A9D2B21823FB435500AD8556 /* MapRepositoryImpl.swift in Sources */ = {isa = PBXBuildFile; fileRef = A9D2B21723FB435500AD8556 /* MapRepositoryImpl.swift */; };
		A9D2B21B23FB43E600AD8556 /* UserProvider.swift in Sources */ = {isa = PBXBuildFile; fileRef = A9D2B21A23FB43E600AD8556 /* UserProvider.swift */; };
		A9D2B21D23FB453D00AD8556 /* UserProviderImpl.swift in Sources */ = {isa = PBXBuildFile; fileRef = A9D2B21C23FB453D00AD8556 /* UserProviderImpl.swift */; };
		A9EFC08A2400283000E45E62 /* WeatherProvider.swift in Sources */ = {isa = PBXBuildFile; fileRef = A9EFC0892400283000E45E62 /* WeatherProvider.swift */; };
		A9EFC09B240038B100E45E62 /* WeatherProviderImpl.swift in Sources */ = {isa = PBXBuildFile; fileRef = A9EFC09A240038B100E45E62 /* WeatherProviderImpl.swift */; };
		A9EFC09D240061C600E45E62 /* UserWeather.swift in Sources */ = {isa = PBXBuildFile; fileRef = A9EFC09C240061C600E45E62 /* UserWeather.swift */; };
		A9F3D90D23F732240094F8FA /* MapControllerView.swift in Sources */ = {isa = PBXBuildFile; fileRef = A9F3D90C23F732240094F8FA /* MapControllerView.swift */; };
		A9F3D90F23F87BFA0094F8FA /* ProfileView.swift in Sources */ = {isa = PBXBuildFile; fileRef = A9F3D90E23F87BFA0094F8FA /* ProfileView.swift */; };
		B825344262B466C73F5C9D7F /* Pods_AmiGO_AmiGOUITests.framework in Frameworks */ = {isa = PBXBuildFile; fileRef = 3DD77D4B6C41D8FD7D8CB108 /* Pods_AmiGO_AmiGOUITests.framework */; };
		D95F4AEE190229937F4DD637 /* Pods_AmiGO.framework in Frameworks */ = {isa = PBXBuildFile; fileRef = B93AFFCEE98D9CDA24DCF749 /* Pods_AmiGO.framework */; };
/* End PBXBuildFile section */

/* Begin PBXContainerItemProxy section */
		A900F72423EDFCAA00C525EE /* PBXContainerItemProxy */ = {
			isa = PBXContainerItemProxy;
			containerPortal = A900F70523EDFCA900C525EE /* Project object */;
			proxyType = 1;
			remoteGlobalIDString = A900F70C23EDFCA900C525EE;
			remoteInfo = AmiGO;
		};
		A900F72F23EDFCAA00C525EE /* PBXContainerItemProxy */ = {
			isa = PBXContainerItemProxy;
			containerPortal = A900F70523EDFCA900C525EE /* Project object */;
			proxyType = 1;
			remoteGlobalIDString = A900F70C23EDFCA900C525EE;
			remoteInfo = AmiGO;
		};
/* End PBXContainerItemProxy section */

/* Begin PBXFileReference section */
		01F83FA646C4B2C4DF1EC037 /* Pods_AmiGOTests.framework */ = {isa = PBXFileReference; explicitFileType = wrapper.framework; includeInIndex = 0; path = Pods_AmiGOTests.framework; sourceTree = BUILT_PRODUCTS_DIR; };
		3DD77D4B6C41D8FD7D8CB108 /* Pods_AmiGO_AmiGOUITests.framework */ = {isa = PBXFileReference; explicitFileType = wrapper.framework; includeInIndex = 0; path = Pods_AmiGO_AmiGOUITests.framework; sourceTree = BUILT_PRODUCTS_DIR; };
		44553332AE578F1F7295F16C /* Pods-AmiGO-AmiGOUITests.debug.xcconfig */ = {isa = PBXFileReference; includeInIndex = 1; lastKnownFileType = text.xcconfig; name = "Pods-AmiGO-AmiGOUITests.debug.xcconfig"; path = "Target Support Files/Pods-AmiGO-AmiGOUITests/Pods-AmiGO-AmiGOUITests.debug.xcconfig"; sourceTree = "<group>"; };
		45356C7AA8FD4760EADD29FF /* Pods-AmiGOTests.release.xcconfig */ = {isa = PBXFileReference; includeInIndex = 1; lastKnownFileType = text.xcconfig; name = "Pods-AmiGOTests.release.xcconfig"; path = "Target Support Files/Pods-AmiGOTests/Pods-AmiGOTests.release.xcconfig"; sourceTree = "<group>"; };
		6917232D32A22AD5C776E6F5 /* Pods-AmiGO-AmiGOUITests.release.xcconfig */ = {isa = PBXFileReference; includeInIndex = 1; lastKnownFileType = text.xcconfig; name = "Pods-AmiGO-AmiGOUITests.release.xcconfig"; path = "Target Support Files/Pods-AmiGO-AmiGOUITests/Pods-AmiGO-AmiGOUITests.release.xcconfig"; sourceTree = "<group>"; };
		6AFB5572674BB7F369429E0D /* Pods-AmiGO.debug.xcconfig */ = {isa = PBXFileReference; includeInIndex = 1; lastKnownFileType = text.xcconfig; name = "Pods-AmiGO.debug.xcconfig"; path = "Target Support Files/Pods-AmiGO/Pods-AmiGO.debug.xcconfig"; sourceTree = "<group>"; };
		6F6352E90948DE9CB5C6D066 /* Pods-AmiGO.release.xcconfig */ = {isa = PBXFileReference; includeInIndex = 1; lastKnownFileType = text.xcconfig; name = "Pods-AmiGO.release.xcconfig"; path = "Target Support Files/Pods-AmiGO/Pods-AmiGO.release.xcconfig"; sourceTree = "<group>"; };
		9A2E70399E98D79995E3AA33 /* User.swift */ = {isa = PBXFileReference; fileEncoding = 4; lastKnownFileType = sourcecode.swift; path = User.swift; sourceTree = "<group>"; };
		9A2E70CEAAC0DE947C970501 /* AuthRepository.swift */ = {isa = PBXFileReference; fileEncoding = 4; lastKnownFileType = sourcecode.swift; path = AuthRepository.swift; sourceTree = "<group>"; };
		9A2E713A8A64CAE70B06A088 /* MapViewController.swift */ = {isa = PBXFileReference; fileEncoding = 4; lastKnownFileType = sourcecode.swift; path = MapViewController.swift; sourceTree = "<group>"; };
		9A2E74E3B8DB260077C6CCED /* AuthenticationViewController.swift */ = {isa = PBXFileReference; fileEncoding = 4; lastKnownFileType = sourcecode.swift; path = AuthenticationViewController.swift; sourceTree = "<group>"; };
		9A2E762DE71E726FCAB0E688 /* AuthRepositoryImpl.swift */ = {isa = PBXFileReference; fileEncoding = 4; lastKnownFileType = sourcecode.swift; path = AuthRepositoryImpl.swift; sourceTree = "<group>"; };
		9A2E768FA1814E6B8877C1B7 /* AuthenticationView.swift */ = {isa = PBXFileReference; fileEncoding = 4; lastKnownFileType = sourcecode.swift; path = AuthenticationView.swift; sourceTree = "<group>"; };
		9A2E78CE0994A1AB2EA26DEB /* AuthenticationViewModel.swift */ = {isa = PBXFileReference; fileEncoding = 4; lastKnownFileType = sourcecode.swift; path = AuthenticationViewModel.swift; sourceTree = "<group>"; };
		9A2E79E444F3D350CF00BAEE /* DatabaseUtil.swift */ = {isa = PBXFileReference; fileEncoding = 4; lastKnownFileType = sourcecode.swift; path = DatabaseUtil.swift; sourceTree = "<group>"; };
		9A2E7DD84AA340534F379772 /* Container+Extensions.swift */ = {isa = PBXFileReference; fileEncoding = 4; lastKnownFileType = sourcecode.swift; path = "Container+Extensions.swift"; sourceTree = "<group>"; };
		9A2E7E8E3F9C33C4570C2593 /* ProfileViewController.swift */ = {isa = PBXFileReference; fileEncoding = 4; lastKnownFileType = sourcecode.swift; path = ProfileViewController.swift; sourceTree = "<group>"; };
		A900F70D23EDFCA900C525EE /* AmiGO.app */ = {isa = PBXFileReference; explicitFileType = wrapper.application; includeInIndex = 0; path = AmiGO.app; sourceTree = BUILT_PRODUCTS_DIR; };
		A900F71023EDFCA900C525EE /* AppDelegate.swift */ = {isa = PBXFileReference; lastKnownFileType = sourcecode.swift; path = AppDelegate.swift; sourceTree = "<group>"; };
		A900F71423EDFCA900C525EE /* ViewController.swift */ = {isa = PBXFileReference; lastKnownFileType = sourcecode.swift; path = ViewController.swift; sourceTree = "<group>"; };
		A900F71923EDFCAA00C525EE /* Assets.xcassets */ = {isa = PBXFileReference; lastKnownFileType = folder.assetcatalog; path = Assets.xcassets; sourceTree = "<group>"; };
		A900F71C23EDFCAA00C525EE /* Base */ = {isa = PBXFileReference; lastKnownFileType = file.storyboard; name = Base; path = Base.lproj/LaunchScreen.storyboard; sourceTree = "<group>"; };
		A900F71E23EDFCAA00C525EE /* Info.plist */ = {isa = PBXFileReference; lastKnownFileType = text.plist.xml; path = Info.plist; sourceTree = "<group>"; };
		A900F72323EDFCAA00C525EE /* AmiGOTests.xctest */ = {isa = PBXFileReference; explicitFileType = wrapper.cfbundle; includeInIndex = 0; path = AmiGOTests.xctest; sourceTree = BUILT_PRODUCTS_DIR; };
		A900F72723EDFCAA00C525EE /* AmiGOTests.swift */ = {isa = PBXFileReference; lastKnownFileType = sourcecode.swift; path = AmiGOTests.swift; sourceTree = "<group>"; };
		A900F72923EDFCAA00C525EE /* Info.plist */ = {isa = PBXFileReference; lastKnownFileType = text.plist.xml; path = Info.plist; sourceTree = "<group>"; };
		A900F72E23EDFCAA00C525EE /* AmiGOUITests.xctest */ = {isa = PBXFileReference; explicitFileType = wrapper.cfbundle; includeInIndex = 0; path = AmiGOUITests.xctest; sourceTree = BUILT_PRODUCTS_DIR; };
		A900F73223EDFCAA00C525EE /* AmiGOUITests.swift */ = {isa = PBXFileReference; lastKnownFileType = sourcecode.swift; path = AmiGOUITests.swift; sourceTree = "<group>"; };
		A900F73423EDFCAA00C525EE /* Info.plist */ = {isa = PBXFileReference; lastKnownFileType = text.plist.xml; path = Info.plist; sourceTree = "<group>"; };
		A9122CBF240882A800991525 /* TaskViewController.swift */ = {isa = PBXFileReference; lastKnownFileType = sourcecode.swift; path = TaskViewController.swift; sourceTree = "<group>"; };
		A9122CC12408833900991525 /* TasksView.swift */ = {isa = PBXFileReference; lastKnownFileType = sourcecode.swift; path = TasksView.swift; sourceTree = "<group>"; };
		A91389EE23FDDA1800B35BF4 /* RestManager.swift */ = {isa = PBXFileReference; lastKnownFileType = sourcecode.swift; path = RestManager.swift; sourceTree = "<group>"; };
		A91389F023FDDABC00B35BF4 /* RestManager+Extension.swift */ = {isa = PBXFileReference; lastKnownFileType = sourcecode.swift; path = "RestManager+Extension.swift"; sourceTree = "<group>"; };
		A91389F223FE1BF800B35BF4 /* ProfileViewModel.swift */ = {isa = PBXFileReference; lastKnownFileType = sourcecode.swift; path = ProfileViewModel.swift; sourceTree = "<group>"; };
		A942D68A23F8B09200C3A87F /* UIView+Extension.swift */ = {isa = PBXFileReference; lastKnownFileType = sourcecode.swift; path = "UIView+Extension.swift"; sourceTree = "<group>"; };
		A942D68F23F8D69B00C3A87F /* UIColor+Extension.swift */ = {isa = PBXFileReference; lastKnownFileType = sourcecode.swift; path = "UIColor+Extension.swift"; sourceTree = "<group>"; };
		A96D84DD23F5DCB500FB85D7 /* GoogleService-Info.plist */ = {isa = PBXFileReference; fileEncoding = 4; lastKnownFileType = text.plist.xml; name = "GoogleService-Info.plist"; path = "../../../../Desktop/GoogleService-Info.plist"; sourceTree = "<group>"; };
		A991BFD223FAFA8D00BF9DC8 /* AmigoAnnotationView.swift */ = {isa = PBXFileReference; lastKnownFileType = sourcecode.swift; path = AmigoAnnotationView.swift; sourceTree = "<group>"; };
		A991F6F423F462B10019B523 /* Location.swift */ = {isa = PBXFileReference; lastKnownFileType = sourcecode.swift; path = Location.swift; sourceTree = "<group>"; };
		A9A05E3B23F130A0003171DA /* MontserratAlternates-Bold.ttf */ = {isa = PBXFileReference; lastKnownFileType = file; name = "MontserratAlternates-Bold.ttf"; path = "../../../../MontserratAlternates-Bold.ttf"; sourceTree = "<group>"; };
		A9B5B31D23F3ED51007E30EC /* MontserratAlternates-ExtraBold.ttf */ = {isa = PBXFileReference; lastKnownFileType = file; name = "MontserratAlternates-ExtraBold.ttf"; path = "../../../../MontserratAlternates-ExtraBold.ttf"; sourceTree = "<group>"; };
		A9D2B21123FB100A00AD8556 /* AmigoAnnotation.swift */ = {isa = PBXFileReference; lastKnownFileType = sourcecode.swift; path = AmigoAnnotation.swift; sourceTree = "<group>"; };
		A9D2B21323FB41A300AD8556 /* MapViewModel.swift */ = {isa = PBXFileReference; lastKnownFileType = sourcecode.swift; path = MapViewModel.swift; sourceTree = "<group>"; };
		A9D2B21523FB427500AD8556 /* MapRepository.swift */ = {isa = PBXFileReference; lastKnownFileType = sourcecode.swift; path = MapRepository.swift; sourceTree = "<group>"; };
		A9D2B21723FB435500AD8556 /* MapRepositoryImpl.swift */ = {isa = PBXFileReference; lastKnownFileType = sourcecode.swift; path = MapRepositoryImpl.swift; sourceTree = "<group>"; };
		A9D2B21A23FB43E600AD8556 /* UserProvider.swift */ = {isa = PBXFileReference; lastKnownFileType = sourcecode.swift; path = UserProvider.swift; sourceTree = "<group>"; };
		A9D2B21C23FB453D00AD8556 /* UserProviderImpl.swift */ = {isa = PBXFileReference; lastKnownFileType = sourcecode.swift; path = UserProviderImpl.swift; sourceTree = "<group>"; };
		A9EFC0892400283000E45E62 /* WeatherProvider.swift */ = {isa = PBXFileReference; lastKnownFileType = sourcecode.swift; path = WeatherProvider.swift; sourceTree = "<group>"; };
		A9EFC09A240038B100E45E62 /* WeatherProviderImpl.swift */ = {isa = PBXFileReference; lastKnownFileType = sourcecode.swift; path = WeatherProviderImpl.swift; sourceTree = "<group>"; };
		A9EFC09C240061C600E45E62 /* UserWeather.swift */ = {isa = PBXFileReference; lastKnownFileType = sourcecode.swift; path = UserWeather.swift; sourceTree = "<group>"; };
		A9F3D90C23F732240094F8FA /* MapControllerView.swift */ = {isa = PBXFileReference; lastKnownFileType = sourcecode.swift; path = MapControllerView.swift; sourceTree = "<group>"; };
		A9F3D90E23F87BFA0094F8FA /* ProfileView.swift */ = {isa = PBXFileReference; lastKnownFileType = sourcecode.swift; path = ProfileView.swift; sourceTree = "<group>"; };
		B69C27965D389ED64DEB8223 /* Pods-AmiGOTests.debug.xcconfig */ = {isa = PBXFileReference; includeInIndex = 1; lastKnownFileType = text.xcconfig; name = "Pods-AmiGOTests.debug.xcconfig"; path = "Target Support Files/Pods-AmiGOTests/Pods-AmiGOTests.debug.xcconfig"; sourceTree = "<group>"; };
		B93AFFCEE98D9CDA24DCF749 /* Pods_AmiGO.framework */ = {isa = PBXFileReference; explicitFileType = wrapper.framework; includeInIndex = 0; path = Pods_AmiGO.framework; sourceTree = BUILT_PRODUCTS_DIR; };
/* End PBXFileReference section */

/* Begin PBXFrameworksBuildPhase section */
		A900F70A23EDFCA900C525EE /* Frameworks */ = {
			isa = PBXFrameworksBuildPhase;
			buildActionMask = 2147483647;
			files = (
				D95F4AEE190229937F4DD637 /* Pods_AmiGO.framework in Frameworks */,
			);
			runOnlyForDeploymentPostprocessing = 0;
		};
		A900F72023EDFCAA00C525EE /* Frameworks */ = {
			isa = PBXFrameworksBuildPhase;
			buildActionMask = 2147483647;
			files = (
				20DC7DC3CBD187B59C2696D2 /* Pods_AmiGOTests.framework in Frameworks */,
			);
			runOnlyForDeploymentPostprocessing = 0;
		};
		A900F72B23EDFCAA00C525EE /* Frameworks */ = {
			isa = PBXFrameworksBuildPhase;
			buildActionMask = 2147483647;
			files = (
				B825344262B466C73F5C9D7F /* Pods_AmiGO_AmiGOUITests.framework in Frameworks */,
			);
			runOnlyForDeploymentPostprocessing = 0;
		};
/* End PBXFrameworksBuildPhase section */

/* Begin PBXGroup section */
		2FD612879D569791461C61F7 /* Pods */ = {
			isa = PBXGroup;
			children = (
				6AFB5572674BB7F369429E0D /* Pods-AmiGO.debug.xcconfig */,
				6F6352E90948DE9CB5C6D066 /* Pods-AmiGO.release.xcconfig */,
				44553332AE578F1F7295F16C /* Pods-AmiGO-AmiGOUITests.debug.xcconfig */,
				6917232D32A22AD5C776E6F5 /* Pods-AmiGO-AmiGOUITests.release.xcconfig */,
				B69C27965D389ED64DEB8223 /* Pods-AmiGOTests.debug.xcconfig */,
				45356C7AA8FD4760EADD29FF /* Pods-AmiGOTests.release.xcconfig */,
			);
			path = Pods;
			sourceTree = "<group>";
		};
		9A2E7145712FBB8E1EA5B181 /* Profile */ = {
			isa = PBXGroup;
			children = (
				A9EFC0882400241200E45E62 /* view */,
				9A2E7E8E3F9C33C4570C2593 /* ProfileViewController.swift */,
				A91389F223FE1BF800B35BF4 /* ProfileViewModel.swift */,
			);
			path = Profile;
			sourceTree = "<group>";
		};
		9A2E72E0F167459F870231ED /* Commoms */ = {
			isa = PBXGroup;
			children = (
				A9D2B21923FB43C700AD8556 /* Provider */,
				9A2E75171573666343F07EDB /* Repositories */,
				9A2E79E444F3D350CF00BAEE /* DatabaseUtil.swift */,
				9A2E782F8E3D38351BB30BE7 /* Models */,
			);
			path = Commoms;
			sourceTree = "<group>";
		};
		9A2E7499215CED7E01D71ECD /* Impl */ = {
			isa = PBXGroup;
			children = (
				9A2E762DE71E726FCAB0E688 /* AuthRepositoryImpl.swift */,
				A9D2B21723FB435500AD8556 /* MapRepositoryImpl.swift */,
			);
			path = Impl;
			sourceTree = "<group>";
		};
		9A2E75171573666343F07EDB /* Repositories */ = {
			isa = PBXGroup;
			children = (
				9A2E70CEAAC0DE947C970501 /* AuthRepository.swift */,
				9A2E7499215CED7E01D71ECD /* Impl */,
				A9D2B21523FB427500AD8556 /* MapRepository.swift */,
			);
			path = Repositories;
			sourceTree = "<group>";
		};
		9A2E76F1A23885717612D358 /* Map */ = {
			isa = PBXGroup;
			children = (
				A9D2B21023FB0FC100AD8556 /* Extensions */,
				A991BFCF23FADF9500BF9DC8 /* view */,
				9A2E713A8A64CAE70B06A088 /* MapViewController.swift */,
				A9D2B21323FB41A300AD8556 /* MapViewModel.swift */,
			);
			path = Map;
			sourceTree = "<group>";
		};
		9A2E782F8E3D38351BB30BE7 /* Models */ = {
			isa = PBXGroup;
			children = (
				9A2E70399E98D79995E3AA33 /* User.swift */,
				A991F6F423F462B10019B523 /* Location.swift */,
				A9EFC09C240061C600E45E62 /* UserWeather.swift */,
			);
			path = Models;
			sourceTree = "<group>";
		};
		9A2E7C6A8CA363575E98FF6A /* Main */ = {
			isa = PBXGroup;
			children = (
				9A2E76F1A23885717612D358 /* Map */,
				9A2E7145712FBB8E1EA5B181 /* Profile */,
			);
			path = Main;
			sourceTree = "<group>";
		};
		A900F70423EDFCA900C525EE = {
			isa = PBXGroup;
			children = (
				A900F70F23EDFCA900C525EE /* AmiGO */,
				A900F72623EDFCAA00C525EE /* AmiGOTests */,
				A900F73123EDFCAA00C525EE /* AmiGOUITests */,
				A900F70E23EDFCA900C525EE /* Products */,
				2FD612879D569791461C61F7 /* Pods */,
				EB19BDEDA294427BAFD71F44 /* Frameworks */,
			);
			sourceTree = "<group>";
		};
		A900F70E23EDFCA900C525EE /* Products */ = {
			isa = PBXGroup;
			children = (
				A900F70D23EDFCA900C525EE /* AmiGO.app */,
				A900F72323EDFCAA00C525EE /* AmiGOTests.xctest */,
				A900F72E23EDFCAA00C525EE /* AmiGOUITests.xctest */,
			);
			name = Products;
			sourceTree = "<group>";
		};
		A900F70F23EDFCA900C525EE /* AmiGO */ = {
			isa = PBXGroup;
			children = (
				A91389ED23FDD9E500B35BF4 /* Manager */,
				A96D84DD23F5DCB500FB85D7 /* GoogleService-Info.plist */,
				A9A05E3A23F12FF7003171DA /* Resources */,
				A9E89C1C23EF8274000D4840 /* Extensions */,
				A9E89C1A23EEFB78000D4840 /* Modules */,
				A900F71023EDFCA900C525EE /* AppDelegate.swift */,
				A900F71423EDFCA900C525EE /* ViewController.swift */,
				A900F71923EDFCAA00C525EE /* Assets.xcassets */,
				A900F71B23EDFCAA00C525EE /* LaunchScreen.storyboard */,
				A900F71E23EDFCAA00C525EE /* Info.plist */,
				9A2E72E0F167459F870231ED /* Commoms */,
			);
			path = AmiGO;
			sourceTree = "<group>";
		};
		A900F72623EDFCAA00C525EE /* AmiGOTests */ = {
			isa = PBXGroup;
			children = (
				A900F72723EDFCAA00C525EE /* AmiGOTests.swift */,
				A900F72923EDFCAA00C525EE /* Info.plist */,
			);
			path = AmiGOTests;
			sourceTree = "<group>";
		};
		A900F73123EDFCAA00C525EE /* AmiGOUITests */ = {
			isa = PBXGroup;
			children = (
				A900F73223EDFCAA00C525EE /* AmiGOUITests.swift */,
				A900F73423EDFCAA00C525EE /* Info.plist */,
			);
			path = AmiGOUITests;
			sourceTree = "<group>";
		};
		A9122CBA24086E6900991525 /* RealmToDo */ = {
			isa = PBXGroup;
			children = (
				A9122CBF240882A800991525 /* TaskViewController.swift */,
				A9122CC12408833900991525 /* TasksView.swift */,
			);
			path = RealmToDo;
			sourceTree = "<group>";
		};
		A91389ED23FDD9E500B35BF4 /* Manager */ = {
			isa = PBXGroup;
			children = (
				A91389EE23FDDA1800B35BF4 /* RestManager.swift */,
				A91389F023FDDABC00B35BF4 /* RestManager+Extension.swift */,
			);
			path = Manager;
			sourceTree = "<group>";
		};
		A991BFCF23FADF9500BF9DC8 /* view */ = {
			isa = PBXGroup;
			children = (
				A9F3D90C23F732240094F8FA /* MapControllerView.swift */,
				A991BFD223FAFA8D00BF9DC8 /* AmigoAnnotationView.swift */,
			);
			path = view;
			sourceTree = "<group>";
		};
		A9A05E3A23F12FF7003171DA /* Resources */ = {
			isa = PBXGroup;
			children = (
				A9B5B31D23F3ED51007E30EC /* MontserratAlternates-ExtraBold.ttf */,
				A9A05E3B23F130A0003171DA /* MontserratAlternates-Bold.ttf */,
			);
			path = Resources;
			sourceTree = "<group>";
		};
		A9D2B21023FB0FC100AD8556 /* Extensions */ = {
			isa = PBXGroup;
			children = (
				A9D2B21123FB100A00AD8556 /* AmigoAnnotation.swift */,
			);
			path = Extensions;
			sourceTree = "<group>";
		};
		A9D2B21923FB43C700AD8556 /* Provider */ = {
			isa = PBXGroup;
			children = (
				A9D2B21A23FB43E600AD8556 /* UserProvider.swift */,
				A9D2B21C23FB453D00AD8556 /* UserProviderImpl.swift */,
				A9EFC0892400283000E45E62 /* WeatherProvider.swift */,
				A9EFC09A240038B100E45E62 /* WeatherProviderImpl.swift */,
			);
			path = Provider;
			sourceTree = "<group>";
		};
		A9E89C1A23EEFB78000D4840 /* Modules */ = {
			isa = PBXGroup;
			children = (
				A9122CBA24086E6900991525 /* RealmToDo */,
				A9E89C1B23EEFB80000D4840 /* Authentication */,
				9A2E7C6A8CA363575E98FF6A /* Main */,
			);
			path = Modules;
			sourceTree = "<group>";
		};
		A9E89C1B23EEFB80000D4840 /* Authentication */ = {
			isa = PBXGroup;
			children = (
				9A2E74E3B8DB260077C6CCED /* AuthenticationViewController.swift */,
				9A2E768FA1814E6B8877C1B7 /* AuthenticationView.swift */,
				9A2E78CE0994A1AB2EA26DEB /* AuthenticationViewModel.swift */,
			);
			path = Authentication;
			sourceTree = "<group>";
		};
		A9E89C1C23EF8274000D4840 /* Extensions */ = {
			isa = PBXGroup;
			children = (
				9A2E7DD84AA340534F379772 /* Container+Extensions.swift */,
				A942D68A23F8B09200C3A87F /* UIView+Extension.swift */,
				A942D68F23F8D69B00C3A87F /* UIColor+Extension.swift */,
			);
			path = Extensions;
			sourceTree = "<group>";
		};
		A9EFC0882400241200E45E62 /* view */ = {
			isa = PBXGroup;
			children = (
				A9F3D90E23F87BFA0094F8FA /* ProfileView.swift */,
			);
			path = view;
			sourceTree = "<group>";
		};
		EB19BDEDA294427BAFD71F44 /* Frameworks */ = {
			isa = PBXGroup;
			children = (
				B93AFFCEE98D9CDA24DCF749 /* Pods_AmiGO.framework */,
				3DD77D4B6C41D8FD7D8CB108 /* Pods_AmiGO_AmiGOUITests.framework */,
				01F83FA646C4B2C4DF1EC037 /* Pods_AmiGOTests.framework */,
			);
			name = Frameworks;
			sourceTree = "<group>";
		};
/* End PBXGroup section */

/* Begin PBXNativeTarget section */
		A900F70C23EDFCA900C525EE /* AmiGO */ = {
			isa = PBXNativeTarget;
			buildConfigurationList = A900F73723EDFCAA00C525EE /* Build configuration list for PBXNativeTarget "AmiGO" */;
			buildPhases = (
				1560FEEC7F905CC80E2D8502 /* [CP] Check Pods Manifest.lock */,
				A900F70923EDFCA900C525EE /* Sources */,
				A900F70A23EDFCA900C525EE /* Frameworks */,
				A900F70B23EDFCA900C525EE /* Resources */,
				840772A7410AA8D14722A22B /* [CP] Embed Pods Frameworks */,
			);
			buildRules = (
			);
			dependencies = (
			);
			name = AmiGO;
			productName = AmiGO;
			productReference = A900F70D23EDFCA900C525EE /* AmiGO.app */;
			productType = "com.apple.product-type.application";
		};
		A900F72223EDFCAA00C525EE /* AmiGOTests */ = {
			isa = PBXNativeTarget;
			buildConfigurationList = A900F73A23EDFCAA00C525EE /* Build configuration list for PBXNativeTarget "AmiGOTests" */;
			buildPhases = (
				52F89F59D811029234C2513C /* [CP] Check Pods Manifest.lock */,
				A900F71F23EDFCAA00C525EE /* Sources */,
				A900F72023EDFCAA00C525EE /* Frameworks */,
				A900F72123EDFCAA00C525EE /* Resources */,
			);
			buildRules = (
			);
			dependencies = (
				A900F72523EDFCAA00C525EE /* PBXTargetDependency */,
			);
			name = AmiGOTests;
			productName = AmiGOTests;
			productReference = A900F72323EDFCAA00C525EE /* AmiGOTests.xctest */;
			productType = "com.apple.product-type.bundle.unit-test";
		};
		A900F72D23EDFCAA00C525EE /* AmiGOUITests */ = {
			isa = PBXNativeTarget;
			buildConfigurationList = A900F73D23EDFCAA00C525EE /* Build configuration list for PBXNativeTarget "AmiGOUITests" */;
			buildPhases = (
				AD73AB218B6CFC774EB8213F /* [CP] Check Pods Manifest.lock */,
				A900F72A23EDFCAA00C525EE /* Sources */,
				A900F72B23EDFCAA00C525EE /* Frameworks */,
				A900F72C23EDFCAA00C525EE /* Resources */,
				C58B61B5E95424713107FB3D /* [CP] Embed Pods Frameworks */,
			);
			buildRules = (
			);
			dependencies = (
				A900F73023EDFCAA00C525EE /* PBXTargetDependency */,
			);
			name = AmiGOUITests;
			productName = AmiGOUITests;
			productReference = A900F72E23EDFCAA00C525EE /* AmiGOUITests.xctest */;
			productType = "com.apple.product-type.bundle.ui-testing";
		};
/* End PBXNativeTarget section */

/* Begin PBXProject section */
		A900F70523EDFCA900C525EE /* Project object */ = {
			isa = PBXProject;
			attributes = {
				LastSwiftUpdateCheck = 1120;
				LastUpgradeCheck = 1120;
				ORGANIZATIONNAME = Dspot;
				TargetAttributes = {
					A900F70C23EDFCA900C525EE = {
						CreatedOnToolsVersion = 11.2.1;
					};
					A900F72223EDFCAA00C525EE = {
						CreatedOnToolsVersion = 11.2.1;
						TestTargetID = A900F70C23EDFCA900C525EE;
					};
					A900F72D23EDFCAA00C525EE = {
						CreatedOnToolsVersion = 11.2.1;
						TestTargetID = A900F70C23EDFCA900C525EE;
					};
				};
			};
			buildConfigurationList = A900F70823EDFCA900C525EE /* Build configuration list for PBXProject "AmiGO" */;
			compatibilityVersion = "Xcode 9.3";
			developmentRegion = en;
			hasScannedForEncodings = 0;
			knownRegions = (
				en,
				Base,
			);
			mainGroup = A900F70423EDFCA900C525EE;
			productRefGroup = A900F70E23EDFCA900C525EE /* Products */;
			projectDirPath = "";
			projectRoot = "";
			targets = (
				A900F70C23EDFCA900C525EE /* AmiGO */,
				A900F72223EDFCAA00C525EE /* AmiGOTests */,
				A900F72D23EDFCAA00C525EE /* AmiGOUITests */,
			);
		};
/* End PBXProject section */

/* Begin PBXResourcesBuildPhase section */
		A900F70B23EDFCA900C525EE /* Resources */ = {
			isa = PBXResourcesBuildPhase;
			buildActionMask = 2147483647;
			files = (
				A900F71D23EDFCAA00C525EE /* LaunchScreen.storyboard in Resources */,
				A9A05E3C23F130A0003171DA /* MontserratAlternates-Bold.ttf in Resources */,
				A96D84DE23F5DCB500FB85D7 /* GoogleService-Info.plist in Resources */,
				A900F71A23EDFCAA00C525EE /* Assets.xcassets in Resources */,
				A9B5B31E23F3ED51007E30EC /* MontserratAlternates-ExtraBold.ttf in Resources */,
			);
			runOnlyForDeploymentPostprocessing = 0;
		};
		A900F72123EDFCAA00C525EE /* Resources */ = {
			isa = PBXResourcesBuildPhase;
			buildActionMask = 2147483647;
			files = (
			);
			runOnlyForDeploymentPostprocessing = 0;
		};
		A900F72C23EDFCAA00C525EE /* Resources */ = {
			isa = PBXResourcesBuildPhase;
			buildActionMask = 2147483647;
			files = (
			);
			runOnlyForDeploymentPostprocessing = 0;
		};
/* End PBXResourcesBuildPhase section */

/* Begin PBXShellScriptBuildPhase section */
		1560FEEC7F905CC80E2D8502 /* [CP] Check Pods Manifest.lock */ = {
			isa = PBXShellScriptBuildPhase;
			buildActionMask = 2147483647;
			files = (
			);
			inputFileListPaths = (
			);
			inputPaths = (
				"${PODS_PODFILE_DIR_PATH}/Podfile.lock",
				"${PODS_ROOT}/Manifest.lock",
			);
			name = "[CP] Check Pods Manifest.lock";
			outputFileListPaths = (
			);
			outputPaths = (
				"$(DERIVED_FILE_DIR)/Pods-AmiGO-checkManifestLockResult.txt",
			);
			runOnlyForDeploymentPostprocessing = 0;
			shellPath = /bin/sh;
			shellScript = "diff \"${PODS_PODFILE_DIR_PATH}/Podfile.lock\" \"${PODS_ROOT}/Manifest.lock\" > /dev/null\nif [ $? != 0 ] ; then\n    # print error to STDERR\n    echo \"error: The sandbox is not in sync with the Podfile.lock. Run 'pod install' or update your CocoaPods installation.\" >&2\n    exit 1\nfi\n# This output is used by Xcode 'outputs' to avoid re-running this script phase.\necho \"SUCCESS\" > \"${SCRIPT_OUTPUT_FILE_0}\"\n";
			showEnvVarsInLog = 0;
		};
		52F89F59D811029234C2513C /* [CP] Check Pods Manifest.lock */ = {
			isa = PBXShellScriptBuildPhase;
			buildActionMask = 2147483647;
			files = (
			);
			inputFileListPaths = (
			);
			inputPaths = (
				"${PODS_PODFILE_DIR_PATH}/Podfile.lock",
				"${PODS_ROOT}/Manifest.lock",
			);
			name = "[CP] Check Pods Manifest.lock";
			outputFileListPaths = (
			);
			outputPaths = (
				"$(DERIVED_FILE_DIR)/Pods-AmiGOTests-checkManifestLockResult.txt",
			);
			runOnlyForDeploymentPostprocessing = 0;
			shellPath = /bin/sh;
			shellScript = "diff \"${PODS_PODFILE_DIR_PATH}/Podfile.lock\" \"${PODS_ROOT}/Manifest.lock\" > /dev/null\nif [ $? != 0 ] ; then\n    # print error to STDERR\n    echo \"error: The sandbox is not in sync with the Podfile.lock. Run 'pod install' or update your CocoaPods installation.\" >&2\n    exit 1\nfi\n# This output is used by Xcode 'outputs' to avoid re-running this script phase.\necho \"SUCCESS\" > \"${SCRIPT_OUTPUT_FILE_0}\"\n";
			showEnvVarsInLog = 0;
		};
		840772A7410AA8D14722A22B /* [CP] Embed Pods Frameworks */ = {
			isa = PBXShellScriptBuildPhase;
			buildActionMask = 2147483647;
			files = (
			);
			inputFileListPaths = (
				"${PODS_ROOT}/Target Support Files/Pods-AmiGO/Pods-AmiGO-frameworks-${CONFIGURATION}-input-files.xcfilelist",
			);
			name = "[CP] Embed Pods Frameworks";
			outputFileListPaths = (
				"${PODS_ROOT}/Target Support Files/Pods-AmiGO/Pods-AmiGO-frameworks-${CONFIGURATION}-output-files.xcfilelist",
			);
			runOnlyForDeploymentPostprocessing = 0;
			shellPath = /bin/sh;
			shellScript = "\"${PODS_ROOT}/Target Support Files/Pods-AmiGO/Pods-AmiGO-frameworks.sh\"\n";
			showEnvVarsInLog = 0;
		};
		AD73AB218B6CFC774EB8213F /* [CP] Check Pods Manifest.lock */ = {
			isa = PBXShellScriptBuildPhase;
			buildActionMask = 2147483647;
			files = (
			);
			inputFileListPaths = (
			);
			inputPaths = (
				"${PODS_PODFILE_DIR_PATH}/Podfile.lock",
				"${PODS_ROOT}/Manifest.lock",
			);
			name = "[CP] Check Pods Manifest.lock";
			outputFileListPaths = (
			);
			outputPaths = (
				"$(DERIVED_FILE_DIR)/Pods-AmiGO-AmiGOUITests-checkManifestLockResult.txt",
			);
			runOnlyForDeploymentPostprocessing = 0;
			shellPath = /bin/sh;
			shellScript = "diff \"${PODS_PODFILE_DIR_PATH}/Podfile.lock\" \"${PODS_ROOT}/Manifest.lock\" > /dev/null\nif [ $? != 0 ] ; then\n    # print error to STDERR\n    echo \"error: The sandbox is not in sync with the Podfile.lock. Run 'pod install' or update your CocoaPods installation.\" >&2\n    exit 1\nfi\n# This output is used by Xcode 'outputs' to avoid re-running this script phase.\necho \"SUCCESS\" > \"${SCRIPT_OUTPUT_FILE_0}\"\n";
			showEnvVarsInLog = 0;
		};
		C58B61B5E95424713107FB3D /* [CP] Embed Pods Frameworks */ = {
			isa = PBXShellScriptBuildPhase;
			buildActionMask = 2147483647;
			files = (
			);
			inputFileListPaths = (
				"${PODS_ROOT}/Target Support Files/Pods-AmiGO-AmiGOUITests/Pods-AmiGO-AmiGOUITests-frameworks-${CONFIGURATION}-input-files.xcfilelist",
			);
			name = "[CP] Embed Pods Frameworks";
			outputFileListPaths = (
				"${PODS_ROOT}/Target Support Files/Pods-AmiGO-AmiGOUITests/Pods-AmiGO-AmiGOUITests-frameworks-${CONFIGURATION}-output-files.xcfilelist",
			);
			runOnlyForDeploymentPostprocessing = 0;
			shellPath = /bin/sh;
			shellScript = "\"${PODS_ROOT}/Target Support Files/Pods-AmiGO-AmiGOUITests/Pods-AmiGO-AmiGOUITests-frameworks.sh\"\n";
			showEnvVarsInLog = 0;
		};
/* End PBXShellScriptBuildPhase section */

/* Begin PBXSourcesBuildPhase section */
		A900F70923EDFCA900C525EE /* Sources */ = {
			isa = PBXSourcesBuildPhase;
			buildActionMask = 2147483647;
			files = (
				A900F71523EDFCA900C525EE /* ViewController.swift in Sources */,
				A91389EF23FDDA1800B35BF4 /* RestManager.swift in Sources */,
				A9122CC0240882A800991525 /* TaskViewController.swift in Sources */,
				A900F71123EDFCA900C525EE /* AppDelegate.swift in Sources */,
				A91389F323FE1BF800B35BF4 /* ProfileViewModel.swift in Sources */,
				9A2E7472E1F6604EE3FBE164 /* AuthenticationViewController.swift in Sources */,
				A9EFC09D240061C600E45E62 /* UserWeather.swift in Sources */,
				A9D2B21223FB100A00AD8556 /* AmigoAnnotation.swift in Sources */,
				A9D2B21623FB427500AD8556 /* MapRepository.swift in Sources */,
				A9D2B21D23FB453D00AD8556 /* UserProviderImpl.swift in Sources */,
				9A2E7E973F0D79308381FF90 /* AuthenticationView.swift in Sources */,
				A9122CC22408833900991525 /* TasksView.swift in Sources */,
				A942D69023F8D69B00C3A87F /* UIColor+Extension.swift in Sources */,
				9A2E7E0BFE449004090E1FFE /* AuthenticationViewModel.swift in Sources */,
				A991F6F523F462B10019B523 /* Location.swift in Sources */,
				A91389F123FDDABC00B35BF4 /* RestManager+Extension.swift in Sources */,
				A942D68B23F8B09200C3A87F /* UIView+Extension.swift in Sources */,
				9A2E7926A9336B06791708E7 /* AuthRepository.swift in Sources */,
				A9EFC08A2400283000E45E62 /* WeatherProvider.swift in Sources */,
				A9F3D90F23F87BFA0094F8FA /* ProfileView.swift in Sources */,
				A9D2B21423FB41A300AD8556 /* MapViewModel.swift in Sources */,
				9A2E7889AE3344F062BDDB2D /* AuthRepositoryImpl.swift in Sources */,
				9A2E789BBEE38EC3D85527A5 /* DatabaseUtil.swift in Sources */,
				A9F3D90D23F732240094F8FA /* MapControllerView.swift in Sources */,
				9A2E7E14175B1EC0FA6C3236 /* User.swift in Sources */,
				A9EFC09B240038B100E45E62 /* WeatherProviderImpl.swift in Sources */,
				A9D2B21B23FB43E600AD8556 /* UserProvider.swift in Sources */,
				A991BFD323FAFA8D00BF9DC8 /* AmigoAnnotationView.swift in Sources */,
				9A2E7A4B6E334FBE608576EA /* Container+Extensions.swift in Sources */,
				9A2E72D586ADF43FBBA0FA6B /* MapViewController.swift in Sources */,
				A9D2B21823FB435500AD8556 /* MapRepositoryImpl.swift in Sources */,
				9A2E77CAB3F44615EEDC9E6A /* ProfileViewController.swift in Sources */,
			);
			runOnlyForDeploymentPostprocessing = 0;
		};
		A900F71F23EDFCAA00C525EE /* Sources */ = {
			isa = PBXSourcesBuildPhase;
			buildActionMask = 2147483647;
			files = (
				A900F72823EDFCAA00C525EE /* AmiGOTests.swift in Sources */,
			);
			runOnlyForDeploymentPostprocessing = 0;
		};
		A900F72A23EDFCAA00C525EE /* Sources */ = {
			isa = PBXSourcesBuildPhase;
			buildActionMask = 2147483647;
			files = (
				A900F73323EDFCAA00C525EE /* AmiGOUITests.swift in Sources */,
			);
			runOnlyForDeploymentPostprocessing = 0;
		};
/* End PBXSourcesBuildPhase section */

/* Begin PBXTargetDependency section */
		A900F72523EDFCAA00C525EE /* PBXTargetDependency */ = {
			isa = PBXTargetDependency;
			target = A900F70C23EDFCA900C525EE /* AmiGO */;
			targetProxy = A900F72423EDFCAA00C525EE /* PBXContainerItemProxy */;
		};
		A900F73023EDFCAA00C525EE /* PBXTargetDependency */ = {
			isa = PBXTargetDependency;
			target = A900F70C23EDFCA900C525EE /* AmiGO */;
			targetProxy = A900F72F23EDFCAA00C525EE /* PBXContainerItemProxy */;
		};
/* End PBXTargetDependency section */

/* Begin PBXVariantGroup section */
		A900F71B23EDFCAA00C525EE /* LaunchScreen.storyboard */ = {
			isa = PBXVariantGroup;
			children = (
				A900F71C23EDFCAA00C525EE /* Base */,
			);
			name = LaunchScreen.storyboard;
			sourceTree = "<group>";
		};
/* End PBXVariantGroup section */

/* Begin XCBuildConfiguration section */
		A900F73523EDFCAA00C525EE /* Debug */ = {
			isa = XCBuildConfiguration;
			buildSettings = {
				ALWAYS_SEARCH_USER_PATHS = NO;
				CLANG_ANALYZER_NONNULL = YES;
				CLANG_ANALYZER_NUMBER_OBJECT_CONVERSION = YES_AGGRESSIVE;
				CLANG_CXX_LANGUAGE_STANDARD = "gnu++14";
				CLANG_CXX_LIBRARY = "libc++";
				CLANG_ENABLE_MODULES = YES;
				CLANG_ENABLE_OBJC_ARC = YES;
				CLANG_ENABLE_OBJC_WEAK = YES;
				CLANG_WARN_BLOCK_CAPTURE_AUTORELEASING = YES;
				CLANG_WARN_BOOL_CONVERSION = YES;
				CLANG_WARN_COMMA = YES;
				CLANG_WARN_CONSTANT_CONVERSION = YES;
				CLANG_WARN_DEPRECATED_OBJC_IMPLEMENTATIONS = YES;
				CLANG_WARN_DIRECT_OBJC_ISA_USAGE = YES_ERROR;
				CLANG_WARN_DOCUMENTATION_COMMENTS = YES;
				CLANG_WARN_EMPTY_BODY = YES;
				CLANG_WARN_ENUM_CONVERSION = YES;
				CLANG_WARN_INFINITE_RECURSION = YES;
				CLANG_WARN_INT_CONVERSION = YES;
				CLANG_WARN_NON_LITERAL_NULL_CONVERSION = YES;
				CLANG_WARN_OBJC_IMPLICIT_RETAIN_SELF = YES;
				CLANG_WARN_OBJC_LITERAL_CONVERSION = YES;
				CLANG_WARN_OBJC_ROOT_CLASS = YES_ERROR;
				CLANG_WARN_RANGE_LOOP_ANALYSIS = YES;
				CLANG_WARN_STRICT_PROTOTYPES = YES;
				CLANG_WARN_SUSPICIOUS_MOVE = YES;
				CLANG_WARN_UNGUARDED_AVAILABILITY = YES_AGGRESSIVE;
				CLANG_WARN_UNREACHABLE_CODE = YES;
				CLANG_WARN__DUPLICATE_METHOD_MATCH = YES;
				COPY_PHASE_STRIP = NO;
				DEBUG_INFORMATION_FORMAT = dwarf;
				ENABLE_STRICT_OBJC_MSGSEND = YES;
				ENABLE_TESTABILITY = YES;
				GCC_C_LANGUAGE_STANDARD = gnu11;
				GCC_DYNAMIC_NO_PIC = NO;
				GCC_NO_COMMON_BLOCKS = YES;
				GCC_OPTIMIZATION_LEVEL = 0;
				GCC_PREPROCESSOR_DEFINITIONS = (
					"DEBUG=1",
					"$(inherited)",
				);
				GCC_WARN_64_TO_32_BIT_CONVERSION = YES;
				GCC_WARN_ABOUT_RETURN_TYPE = YES_ERROR;
				GCC_WARN_UNDECLARED_SELECTOR = YES;
				GCC_WARN_UNINITIALIZED_AUTOS = YES_AGGRESSIVE;
				GCC_WARN_UNUSED_FUNCTION = YES;
				GCC_WARN_UNUSED_VARIABLE = YES;
				IPHONEOS_DEPLOYMENT_TARGET = 13.2;
				MTL_ENABLE_DEBUG_INFO = INCLUDE_SOURCE;
				MTL_FAST_MATH = YES;
				ONLY_ACTIVE_ARCH = YES;
				SDKROOT = iphoneos;
				SWIFT_ACTIVE_COMPILATION_CONDITIONS = DEBUG;
				SWIFT_OPTIMIZATION_LEVEL = "-Onone";
			};
			name = Debug;
		};
		A900F73623EDFCAA00C525EE /* Release */ = {
			isa = XCBuildConfiguration;
			buildSettings = {
				ALWAYS_SEARCH_USER_PATHS = NO;
				CLANG_ANALYZER_NONNULL = YES;
				CLANG_ANALYZER_NUMBER_OBJECT_CONVERSION = YES_AGGRESSIVE;
				CLANG_CXX_LANGUAGE_STANDARD = "gnu++14";
				CLANG_CXX_LIBRARY = "libc++";
				CLANG_ENABLE_MODULES = YES;
				CLANG_ENABLE_OBJC_ARC = YES;
				CLANG_ENABLE_OBJC_WEAK = YES;
				CLANG_WARN_BLOCK_CAPTURE_AUTORELEASING = YES;
				CLANG_WARN_BOOL_CONVERSION = YES;
				CLANG_WARN_COMMA = YES;
				CLANG_WARN_CONSTANT_CONVERSION = YES;
				CLANG_WARN_DEPRECATED_OBJC_IMPLEMENTATIONS = YES;
				CLANG_WARN_DIRECT_OBJC_ISA_USAGE = YES_ERROR;
				CLANG_WARN_DOCUMENTATION_COMMENTS = YES;
				CLANG_WARN_EMPTY_BODY = YES;
				CLANG_WARN_ENUM_CONVERSION = YES;
				CLANG_WARN_INFINITE_RECURSION = YES;
				CLANG_WARN_INT_CONVERSION = YES;
				CLANG_WARN_NON_LITERAL_NULL_CONVERSION = YES;
				CLANG_WARN_OBJC_IMPLICIT_RETAIN_SELF = YES;
				CLANG_WARN_OBJC_LITERAL_CONVERSION = YES;
				CLANG_WARN_OBJC_ROOT_CLASS = YES_ERROR;
				CLANG_WARN_RANGE_LOOP_ANALYSIS = YES;
				CLANG_WARN_STRICT_PROTOTYPES = YES;
				CLANG_WARN_SUSPICIOUS_MOVE = YES;
				CLANG_WARN_UNGUARDED_AVAILABILITY = YES_AGGRESSIVE;
				CLANG_WARN_UNREACHABLE_CODE = YES;
				CLANG_WARN__DUPLICATE_METHOD_MATCH = YES;
				COPY_PHASE_STRIP = NO;
				DEBUG_INFORMATION_FORMAT = "dwarf-with-dsym";
				ENABLE_NS_ASSERTIONS = NO;
				ENABLE_STRICT_OBJC_MSGSEND = YES;
				GCC_C_LANGUAGE_STANDARD = gnu11;
				GCC_NO_COMMON_BLOCKS = YES;
				GCC_WARN_64_TO_32_BIT_CONVERSION = YES;
				GCC_WARN_ABOUT_RETURN_TYPE = YES_ERROR;
				GCC_WARN_UNDECLARED_SELECTOR = YES;
				GCC_WARN_UNINITIALIZED_AUTOS = YES_AGGRESSIVE;
				GCC_WARN_UNUSED_FUNCTION = YES;
				GCC_WARN_UNUSED_VARIABLE = YES;
				IPHONEOS_DEPLOYMENT_TARGET = 13.2;
				MTL_ENABLE_DEBUG_INFO = NO;
				MTL_FAST_MATH = YES;
				SDKROOT = iphoneos;
				SWIFT_COMPILATION_MODE = wholemodule;
				SWIFT_OPTIMIZATION_LEVEL = "-O";
				VALIDATE_PRODUCT = YES;
			};
			name = Release;
		};
		A900F73823EDFCAA00C525EE /* Debug */ = {
			isa = XCBuildConfiguration;
			baseConfigurationReference = 6AFB5572674BB7F369429E0D /* Pods-AmiGO.debug.xcconfig */;
			buildSettings = {
				ASSETCATALOG_COMPILER_APPICON_NAME = AppIcon;
				CODE_SIGN_IDENTITY = "Apple Development";
				CODE_SIGN_STYLE = Manual;
				DEVELOPMENT_TEAM = "";
				INFOPLIST_FILE = AmiGO/Info.plist;
				LD_RUNPATH_SEARCH_PATHS = (
					"$(inherited)",
					"@executable_path/Frameworks",
				);
				PRODUCT_BUNDLE_IDENTIFIER = com.balterbyte.AmiGo;
				PRODUCT_NAME = "$(TARGET_NAME)";
				PROVISIONING_PROFILE_SPECIFIER = "";
				SWIFT_VERSION = 5.0;
				TARGETED_DEVICE_FAMILY = "1,2";
			};
			name = Debug;
		};
		A900F73923EDFCAA00C525EE /* Release */ = {
			isa = XCBuildConfiguration;
			baseConfigurationReference = 6F6352E90948DE9CB5C6D066 /* Pods-AmiGO.release.xcconfig */;
			buildSettings = {
				ASSETCATALOG_COMPILER_APPICON_NAME = AppIcon;
				CODE_SIGN_STYLE = Manual;
				DEVELOPMENT_TEAM = "";
				INFOPLIST_FILE = AmiGO/Info.plist;
				LD_RUNPATH_SEARCH_PATHS = (
					"$(inherited)",
					"@executable_path/Frameworks",
				);
				PRODUCT_BUNDLE_IDENTIFIER = com.dspot.AmiGO;
				PRODUCT_NAME = "$(TARGET_NAME)";
				PROVISIONING_PROFILE_SPECIFIER = "";
				SWIFT_VERSION = 5.0;
				TARGETED_DEVICE_FAMILY = "1,2";
			};
			name = Release;
		};
		A900F73B23EDFCAA00C525EE /* Debug */ = {
			isa = XCBuildConfiguration;
			baseConfigurationReference = B69C27965D389ED64DEB8223 /* Pods-AmiGOTests.debug.xcconfig */;
			buildSettings = {
				ALWAYS_EMBED_SWIFT_STANDARD_LIBRARIES = YES;
				BUNDLE_LOADER = "$(TEST_HOST)";
				CODE_SIGN_STYLE = Automatic;
				INFOPLIST_FILE = AmiGOTests/Info.plist;
				IPHONEOS_DEPLOYMENT_TARGET = 13.2;
				LD_RUNPATH_SEARCH_PATHS = (
					"$(inherited)",
					"@executable_path/Frameworks",
					"@loader_path/Frameworks",
				);
				PRODUCT_BUNDLE_IDENTIFIER = com.dspot.AmiGOTests;
				PRODUCT_NAME = "$(TARGET_NAME)";
				SWIFT_VERSION = 5.0;
				TARGETED_DEVICE_FAMILY = "1,2";
				TEST_HOST = "$(BUILT_PRODUCTS_DIR)/AmiGO.app/AmiGO";
			};
			name = Debug;
		};
		A900F73C23EDFCAA00C525EE /* Release */ = {
			isa = XCBuildConfiguration;
			baseConfigurationReference = 45356C7AA8FD4760EADD29FF /* Pods-AmiGOTests.release.xcconfig */;
			buildSettings = {
				ALWAYS_EMBED_SWIFT_STANDARD_LIBRARIES = YES;
				BUNDLE_LOADER = "$(TEST_HOST)";
				CODE_SIGN_STYLE = Automatic;
				INFOPLIST_FILE = AmiGOTests/Info.plist;
				IPHONEOS_DEPLOYMENT_TARGET = 13.2;
				LD_RUNPATH_SEARCH_PATHS = (
					"$(inherited)",
					"@executable_path/Frameworks",
					"@loader_path/Frameworks",
				);
				PRODUCT_BUNDLE_IDENTIFIER = com.dspot.AmiGOTests;
				PRODUCT_NAME = "$(TARGET_NAME)";
				SWIFT_VERSION = 5.0;
				TARGETED_DEVICE_FAMILY = "1,2";
				TEST_HOST = "$(BUILT_PRODUCTS_DIR)/AmiGO.app/AmiGO";
			};
			name = Release;
		};
		A900F73E23EDFCAA00C525EE /* Debug */ = {
			isa = XCBuildConfiguration;
			baseConfigurationReference = 44553332AE578F1F7295F16C /* Pods-AmiGO-AmiGOUITests.debug.xcconfig */;
			buildSettings = {
				ALWAYS_EMBED_SWIFT_STANDARD_LIBRARIES = "$(inherited)";
				CODE_SIGN_STYLE = Manual;
				DEVELOPMENT_TEAM = "";
				INFOPLIST_FILE = AmiGOUITests/Info.plist;
				LD_RUNPATH_SEARCH_PATHS = (
					"$(inherited)",
					"@executable_path/Frameworks",
					"@loader_path/Frameworks",
				);
				PRODUCT_BUNDLE_IDENTIFIER = com.dspot.AmiGOUITests;
				PRODUCT_NAME = "$(TARGET_NAME)";
				PROVISIONING_PROFILE_SPECIFIER = "";
				"PROVISIONING_PROFILE_SPECIFIER[sdk=macosx*]" = "";
				SWIFT_VERSION = 5.0;
				TARGETED_DEVICE_FAMILY = "1,2";
				TEST_TARGET_NAME = AmiGO;
			};
			name = Debug;
		};
		A900F73F23EDFCAA00C525EE /* Release */ = {
			isa = XCBuildConfiguration;
			baseConfigurationReference = 6917232D32A22AD5C776E6F5 /* Pods-AmiGO-AmiGOUITests.release.xcconfig */;
			buildSettings = {
				ALWAYS_EMBED_SWIFT_STANDARD_LIBRARIES = "$(inherited)";
				CODE_SIGN_STYLE = Manual;
				DEVELOPMENT_TEAM = "";
				INFOPLIST_FILE = AmiGOUITests/Info.plist;
				LD_RUNPATH_SEARCH_PATHS = (
					"$(inherited)",
					"@executable_path/Frameworks",
					"@loader_path/Frameworks",
				);
				PRODUCT_BUNDLE_IDENTIFIER = com.dspot.AmiGOUITests;
				PRODUCT_NAME = "$(TARGET_NAME)";
				PROVISIONING_PROFILE_SPECIFIER = "";
				"PROVISIONING_PROFILE_SPECIFIER[sdk=macosx*]" = "";
				SWIFT_VERSION = 5.0;
				TARGETED_DEVICE_FAMILY = "1,2";
				TEST_TARGET_NAME = AmiGO;
			};
			name = Release;
		};
/* End XCBuildConfiguration section */

/* Begin XCConfigurationList section */
		A900F70823EDFCA900C525EE /* Build configuration list for PBXProject "AmiGO" */ = {
			isa = XCConfigurationList;
			buildConfigurations = (
				A900F73523EDFCAA00C525EE /* Debug */,
				A900F73623EDFCAA00C525EE /* Release */,
			);
			defaultConfigurationIsVisible = 0;
			defaultConfigurationName = Release;
		};
		A900F73723EDFCAA00C525EE /* Build configuration list for PBXNativeTarget "AmiGO" */ = {
			isa = XCConfigurationList;
			buildConfigurations = (
				A900F73823EDFCAA00C525EE /* Debug */,
				A900F73923EDFCAA00C525EE /* Release */,
			);
			defaultConfigurationIsVisible = 0;
			defaultConfigurationName = Release;
		};
		A900F73A23EDFCAA00C525EE /* Build configuration list for PBXNativeTarget "AmiGOTests" */ = {
			isa = XCConfigurationList;
			buildConfigurations = (
				A900F73B23EDFCAA00C525EE /* Debug */,
				A900F73C23EDFCAA00C525EE /* Release */,
			);
			defaultConfigurationIsVisible = 0;
			defaultConfigurationName = Release;
		};
		A900F73D23EDFCAA00C525EE /* Build configuration list for PBXNativeTarget "AmiGOUITests" */ = {
			isa = XCConfigurationList;
			buildConfigurations = (
				A900F73E23EDFCAA00C525EE /* Debug */,
				A900F73F23EDFCAA00C525EE /* Release */,
			);
			defaultConfigurationIsVisible = 0;
			defaultConfigurationName = Release;
		};
/* End XCConfigurationList section */
	};
	rootObject = A900F70523EDFCA900C525EE /* Project object */;
}
